// !$*UTF8*$!
{
	archiveVersion = 1;
	classes = {
	};
	objectVersion = 56;
	objects = {

/* Begin PBXBuildFile section */
		0A31EC522AD2C610006457A8 /* ENSNameModel.swift in Sources */ = {isa = PBXBuildFile; fileRef = 0A31EC512AD2C610006457A8 /* ENSNameModel.swift */; };
		0A31EC542AD2C657006457A8 /* ENSNameViewModel.swift in Sources */ = {isa = PBXBuildFile; fileRef = 0A31EC532AD2C657006457A8 /* ENSNameViewModel.swift */; };
		6507ACDF2A6EA91700BE0FF2 /* formatters.swift in Sources */ = {isa = PBXBuildFile; fileRef = 6507ACDE2A6EA91700BE0FF2 /* formatters.swift */; };
		6507ACE32A6EAA4200BE0FF2 /* TabView.swift in Sources */ = {isa = PBXBuildFile; fileRef = 6507ACE22A6EAA4200BE0FF2 /* TabView.swift */; };
		6507ACE52A6EAD5200BE0FF2 /* NewNameView.swift in Sources */ = {isa = PBXBuildFile; fileRef = 6507ACE42A6EAD5200BE0FF2 /* NewNameView.swift */; };
		6507ACE72A6EB0FA00BE0FF2 /* EnsGallery.swift in Sources */ = {isa = PBXBuildFile; fileRef = 6507ACE62A6EB0FA00BE0FF2 /* EnsGallery.swift */; };
		655230DE2A824FA2004D5815 /* Satoshi-Variable.ttf in Resources */ = {isa = PBXBuildFile; fileRef = 655230DD2A824FA2004D5815 /* Satoshi-Variable.ttf */; };
		655230E02A825972004D5815 /* Satoshi-Variable.ttf in Resources */ = {isa = PBXBuildFile; fileRef = 655230DD2A824FA2004D5815 /* Satoshi-Variable.ttf */; };
		655230E12A825973004D5815 /* Satoshi-Variable.ttf in Resources */ = {isa = PBXBuildFile; fileRef = 655230DD2A824FA2004D5815 /* Satoshi-Variable.ttf */; };
		659220852A6C759E00D8AEEC /* link3App.swift in Sources */ = {isa = PBXBuildFile; fileRef = 659220842A6C759E00D8AEEC /* link3App.swift */; };
		659220892A6C75A200D8AEEC /* Assets.xcassets in Resources */ = {isa = PBXBuildFile; fileRef = 659220882A6C75A200D8AEEC /* Assets.xcassets */; };
		6592208D2A6C75A200D8AEEC /* Preview Assets.xcassets in Resources */ = {isa = PBXBuildFile; fileRef = 6592208C2A6C75A200D8AEEC /* Preview Assets.xcassets */; };
		659220972A6C75A200D8AEEC /* link3Tests.swift in Sources */ = {isa = PBXBuildFile; fileRef = 659220962A6C75A200D8AEEC /* link3Tests.swift */; };
		659220A12A6C75A200D8AEEC /* link3UITests.swift in Sources */ = {isa = PBXBuildFile; fileRef = 659220A02A6C75A200D8AEEC /* link3UITests.swift */; };
		659220A32A6C75A200D8AEEC /* link3UITestsLaunchTests.swift in Sources */ = {isa = PBXBuildFile; fileRef = 659220A22A6C75A200D8AEEC /* link3UITestsLaunchTests.swift */; };
		65CBD49C2A74633900454FF7 /* APIManager.swift in Sources */ = {isa = PBXBuildFile; fileRef = 65CBD49B2A74633900454FF7 /* APIManager.swift */; };
		65D6BECD2A6C85810027EAB4 /* DataView.swift in Sources */ = {isa = PBXBuildFile; fileRef = 65D6BECC2A6C85810027EAB4 /* DataView.swift */; };
		65D6BED02A6C971D0027EAB4 /* RecordItem.swift in Sources */ = {isa = PBXBuildFile; fileRef = 65D6BECF2A6C971D0027EAB4 /* RecordItem.swift */; };
		65D6BED42A6CBF010027EAB4 /* OnboardingView.swift in Sources */ = {isa = PBXBuildFile; fileRef = 65D6BED32A6CBF010027EAB4 /* OnboardingView.swift */; };
/* End PBXBuildFile section */

/* Begin PBXContainerItemProxy section */
		659220932A6C75A200D8AEEC /* PBXContainerItemProxy */ = {
			isa = PBXContainerItemProxy;
			containerPortal = 659220792A6C759E00D8AEEC /* Project object */;
			proxyType = 1;
			remoteGlobalIDString = 659220802A6C759E00D8AEEC;
			remoteInfo = link3;
		};
		6592209D2A6C75A200D8AEEC /* PBXContainerItemProxy */ = {
			isa = PBXContainerItemProxy;
			containerPortal = 659220792A6C759E00D8AEEC /* Project object */;
			proxyType = 1;
			remoteGlobalIDString = 659220802A6C759E00D8AEEC;
			remoteInfo = link3;
		};
/* End PBXContainerItemProxy section */

/* Begin PBXFileReference section */
		0A31EC512AD2C610006457A8 /* ENSNameModel.swift */ = {isa = PBXFileReference; lastKnownFileType = sourcecode.swift; path = ENSNameModel.swift; sourceTree = "<group>"; };
		0A31EC532AD2C657006457A8 /* ENSNameViewModel.swift */ = {isa = PBXFileReference; lastKnownFileType = sourcecode.swift; path = ENSNameViewModel.swift; sourceTree = "<group>"; };
		6507ACDE2A6EA91700BE0FF2 /* formatters.swift */ = {isa = PBXFileReference; lastKnownFileType = sourcecode.swift; path = formatters.swift; sourceTree = "<group>"; };
		6507ACE22A6EAA4200BE0FF2 /* TabView.swift */ = {isa = PBXFileReference; lastKnownFileType = sourcecode.swift; path = TabView.swift; sourceTree = "<group>"; };
		6507ACE42A6EAD5200BE0FF2 /* NewNameView.swift */ = {isa = PBXFileReference; lastKnownFileType = sourcecode.swift; path = NewNameView.swift; sourceTree = "<group>"; };
		6507ACE62A6EB0FA00BE0FF2 /* EnsGallery.swift */ = {isa = PBXFileReference; lastKnownFileType = sourcecode.swift; path = EnsGallery.swift; sourceTree = "<group>"; };
		655230DD2A824FA2004D5815 /* Satoshi-Variable.ttf */ = {isa = PBXFileReference; lastKnownFileType = file; path = "Satoshi-Variable.ttf"; sourceTree = "<group>"; };
		655230DF2A82587F004D5815 /* Info.plist */ = {isa = PBXFileReference; lastKnownFileType = text.plist; path = Info.plist; sourceTree = "<group>"; };
		659220812A6C759E00D8AEEC /* link3.app */ = {isa = PBXFileReference; explicitFileType = wrapper.application; includeInIndex = 0; path = link3.app; sourceTree = BUILT_PRODUCTS_DIR; };
		659220842A6C759E00D8AEEC /* link3App.swift */ = {isa = PBXFileReference; lastKnownFileType = sourcecode.swift; path = link3App.swift; sourceTree = "<group>"; };
		659220882A6C75A200D8AEEC /* Assets.xcassets */ = {isa = PBXFileReference; lastKnownFileType = folder.assetcatalog; path = Assets.xcassets; sourceTree = "<group>"; };
		6592208A2A6C75A200D8AEEC /* link3.entitlements */ = {isa = PBXFileReference; lastKnownFileType = text.plist.entitlements; path = link3.entitlements; sourceTree = "<group>"; };
		6592208C2A6C75A200D8AEEC /* Preview Assets.xcassets */ = {isa = PBXFileReference; lastKnownFileType = folder.assetcatalog; path = "Preview Assets.xcassets"; sourceTree = "<group>"; };
		659220922A6C75A200D8AEEC /* link3Tests.xctest */ = {isa = PBXFileReference; explicitFileType = wrapper.cfbundle; includeInIndex = 0; path = link3Tests.xctest; sourceTree = BUILT_PRODUCTS_DIR; };
		659220962A6C75A200D8AEEC /* link3Tests.swift */ = {isa = PBXFileReference; lastKnownFileType = sourcecode.swift; path = link3Tests.swift; sourceTree = "<group>"; };
		6592209C2A6C75A200D8AEEC /* link3UITests.xctest */ = {isa = PBXFileReference; explicitFileType = wrapper.cfbundle; includeInIndex = 0; path = link3UITests.xctest; sourceTree = BUILT_PRODUCTS_DIR; };
		659220A02A6C75A200D8AEEC /* link3UITests.swift */ = {isa = PBXFileReference; lastKnownFileType = sourcecode.swift; path = link3UITests.swift; sourceTree = "<group>"; };
		659220A22A6C75A200D8AEEC /* link3UITestsLaunchTests.swift */ = {isa = PBXFileReference; lastKnownFileType = sourcecode.swift; path = link3UITestsLaunchTests.swift; sourceTree = "<group>"; };
		65CBD49B2A74633900454FF7 /* APIManager.swift */ = {isa = PBXFileReference; lastKnownFileType = sourcecode.swift; path = APIManager.swift; sourceTree = "<group>"; };
		65D6BECC2A6C85810027EAB4 /* DataView.swift */ = {isa = PBXFileReference; lastKnownFileType = sourcecode.swift; path = DataView.swift; sourceTree = "<group>"; };
		65D6BECF2A6C971D0027EAB4 /* RecordItem.swift */ = {isa = PBXFileReference; lastKnownFileType = sourcecode.swift; path = RecordItem.swift; sourceTree = "<group>"; };
		65D6BED32A6CBF010027EAB4 /* OnboardingView.swift */ = {isa = PBXFileReference; lastKnownFileType = sourcecode.swift; path = OnboardingView.swift; sourceTree = "<group>"; };
/* End PBXFileReference section */

/* Begin PBXFrameworksBuildPhase section */
		6592207E2A6C759E00D8AEEC /* Frameworks */ = {
			isa = PBXFrameworksBuildPhase;
			buildActionMask = 2147483647;
			files = (
			);
			runOnlyForDeploymentPostprocessing = 0;
		};
		6592208F2A6C75A200D8AEEC /* Frameworks */ = {
			isa = PBXFrameworksBuildPhase;
			buildActionMask = 2147483647;
			files = (
			);
			runOnlyForDeploymentPostprocessing = 0;
		};
		659220992A6C75A200D8AEEC /* Frameworks */ = {
			isa = PBXFrameworksBuildPhase;
			buildActionMask = 2147483647;
			files = (
			);
			runOnlyForDeploymentPostprocessing = 0;
		};
/* End PBXFrameworksBuildPhase section */

/* Begin PBXGroup section */
		6507ACDC2A6EA8F200BE0FF2 /* Utils */ = {
			isa = PBXGroup;
			children = (
				6507ACDE2A6EA91700BE0FF2 /* formatters.swift */,
				65CBD49B2A74633900454FF7 /* APIManager.swift */,
			);
			path = Utils;
			sourceTree = "<group>";
		};
		655230D42A824D19004D5815 /* Fonts */ = {
			isa = PBXGroup;
			children = (
				655230DD2A824FA2004D5815 /* Satoshi-Variable.ttf */,
			);
			path = Fonts;
			sourceTree = "<group>";
		};
		659220782A6C759E00D8AEEC = {
			isa = PBXGroup;
			children = (
				659220832A6C759E00D8AEEC /* link3 */,
				659220952A6C75A200D8AEEC /* link3Tests */,
				6592209F2A6C75A200D8AEEC /* link3UITests */,
				659220822A6C759E00D8AEEC /* Products */,
			);
			sourceTree = "<group>";
		};
		659220822A6C759E00D8AEEC /* Products */ = {
			isa = PBXGroup;
			children = (
				659220812A6C759E00D8AEEC /* link3.app */,
				659220922A6C75A200D8AEEC /* link3Tests.xctest */,
				6592209C2A6C75A200D8AEEC /* link3UITests.xctest */,
			);
			name = Products;
			sourceTree = "<group>";
		};
		659220832A6C759E00D8AEEC /* link3 */ = {
			isa = PBXGroup;
			children = (
				655230DF2A82587F004D5815 /* Info.plist */,
				655230D42A824D19004D5815 /* Fonts */,
				65CBD49D2A74636300454FF7 /* Models */,
				6507ACDC2A6EA8F200BE0FF2 /* Utils */,
				659220842A6C759E00D8AEEC /* link3App.swift */,
				65D6BECE2A6C96E30027EAB4 /* Components */,
				659220AF2A6C75C600D8AEEC /* views */,
				659220882A6C75A200D8AEEC /* Assets.xcassets */,
				6592208A2A6C75A200D8AEEC /* link3.entitlements */,
				6592208B2A6C75A200D8AEEC /* Preview Content */,
			);
			path = link3;
			sourceTree = "<group>";
		};
		6592208B2A6C75A200D8AEEC /* Preview Content */ = {
			isa = PBXGroup;
			children = (
				6592208C2A6C75A200D8AEEC /* Preview Assets.xcassets */,
			);
			path = "Preview Content";
			sourceTree = "<group>";
		};
		659220952A6C75A200D8AEEC /* link3Tests */ = {
			isa = PBXGroup;
			children = (
				659220962A6C75A200D8AEEC /* link3Tests.swift */,
			);
			path = link3Tests;
			sourceTree = "<group>";
		};
		6592209F2A6C75A200D8AEEC /* link3UITests */ = {
			isa = PBXGroup;
			children = (
				659220A02A6C75A200D8AEEC /* link3UITests.swift */,
				659220A22A6C75A200D8AEEC /* link3UITestsLaunchTests.swift */,
			);
			path = link3UITests;
			sourceTree = "<group>";
		};
		659220AF2A6C75C600D8AEEC /* views */ = {
			isa = PBXGroup;
			children = (
				65D6BECC2A6C85810027EAB4 /* DataView.swift */,
				6507ACE22A6EAA4200BE0FF2 /* TabView.swift */,
				6507ACE62A6EB0FA00BE0FF2 /* EnsGallery.swift */,
				6507ACE42A6EAD5200BE0FF2 /* NewNameView.swift */,
				65D6BED32A6CBF010027EAB4 /* OnboardingView.swift */,
			);
			path = views;
			sourceTree = "<group>";
		};
		65CBD49D2A74636300454FF7 /* Models */ = {
			isa = PBXGroup;
			children = (
				0A31EC512AD2C610006457A8 /* ENSNameModel.swift */,
				0A31EC532AD2C657006457A8 /* ENSNameViewModel.swift */,
			);
			path = Models;
			sourceTree = "<group>";
		};
		65D6BECE2A6C96E30027EAB4 /* Components */ = {
			isa = PBXGroup;
			children = (
				65D6BECF2A6C971D0027EAB4 /* RecordItem.swift */,
			);
			path = Components;
			sourceTree = "<group>";
		};
/* End PBXGroup section */

/* Begin PBXNativeTarget section */
		659220802A6C759E00D8AEEC /* link3 */ = {
			isa = PBXNativeTarget;
			buildConfigurationList = 659220A62A6C75A200D8AEEC /* Build configuration list for PBXNativeTarget "link3" */;
			buildPhases = (
				6592207D2A6C759E00D8AEEC /* Sources */,
				6592207E2A6C759E00D8AEEC /* Frameworks */,
				6592207F2A6C759E00D8AEEC /* Resources */,
			);
			buildRules = (
			);
			dependencies = (
			);
			name = link3;
			packageProductDependencies = (
			);
			productName = link3;
			productReference = 659220812A6C759E00D8AEEC /* link3.app */;
			productType = "com.apple.product-type.application";
		};
		659220912A6C75A200D8AEEC /* link3Tests */ = {
			isa = PBXNativeTarget;
			buildConfigurationList = 659220A92A6C75A200D8AEEC /* Build configuration list for PBXNativeTarget "link3Tests" */;
			buildPhases = (
				6592208E2A6C75A200D8AEEC /* Sources */,
				6592208F2A6C75A200D8AEEC /* Frameworks */,
				659220902A6C75A200D8AEEC /* Resources */,
			);
			buildRules = (
			);
			dependencies = (
				659220942A6C75A200D8AEEC /* PBXTargetDependency */,
			);
			name = link3Tests;
			productName = link3Tests;
			productReference = 659220922A6C75A200D8AEEC /* link3Tests.xctest */;
			productType = "com.apple.product-type.bundle.unit-test";
		};
		6592209B2A6C75A200D8AEEC /* link3UITests */ = {
			isa = PBXNativeTarget;
			buildConfigurationList = 659220AC2A6C75A200D8AEEC /* Build configuration list for PBXNativeTarget "link3UITests" */;
			buildPhases = (
				659220982A6C75A200D8AEEC /* Sources */,
				659220992A6C75A200D8AEEC /* Frameworks */,
				6592209A2A6C75A200D8AEEC /* Resources */,
			);
			buildRules = (
			);
			dependencies = (
				6592209E2A6C75A200D8AEEC /* PBXTargetDependency */,
			);
			name = link3UITests;
			productName = link3UITests;
			productReference = 6592209C2A6C75A200D8AEEC /* link3UITests.xctest */;
			productType = "com.apple.product-type.bundle.ui-testing";
		};
/* End PBXNativeTarget section */

/* Begin PBXProject section */
		659220792A6C759E00D8AEEC /* Project object */ = {
			isa = PBXProject;
			attributes = {
				BuildIndependentTargetsInParallel = 1;
				LastSwiftUpdateCheck = 1500;
				LastUpgradeCheck = 1500;
				TargetAttributes = {
					659220802A6C759E00D8AEEC = {
						CreatedOnToolsVersion = 15.0;
					};
					659220912A6C75A200D8AEEC = {
						CreatedOnToolsVersion = 15.0;
						TestTargetID = 659220802A6C759E00D8AEEC;
					};
					6592209B2A6C75A200D8AEEC = {
						CreatedOnToolsVersion = 15.0;
						TestTargetID = 659220802A6C759E00D8AEEC;
					};
				};
			};
			buildConfigurationList = 6592207C2A6C759E00D8AEEC /* Build configuration list for PBXProject "link3" */;
			compatibilityVersion = "Xcode 14.0";
			developmentRegion = en;
			hasScannedForEncodings = 0;
			knownRegions = (
				en,
				Base,
			);
			mainGroup = 659220782A6C759E00D8AEEC;
			packageReferences = (
				65BAD7272A74540100B0F14A /* XCRemoteSwiftPackageReference "WalletConnectSwiftV2" */,
			);
			productRefGroup = 659220822A6C759E00D8AEEC /* Products */;
			projectDirPath = "";
			projectRoot = "";
			targets = (
				659220802A6C759E00D8AEEC /* link3 */,
				659220912A6C75A200D8AEEC /* link3Tests */,
				6592209B2A6C75A200D8AEEC /* link3UITests */,
			);
		};
/* End PBXProject section */

/* Begin PBXResourcesBuildPhase section */
		6592207F2A6C759E00D8AEEC /* Resources */ = {
			isa = PBXResourcesBuildPhase;
			buildActionMask = 2147483647;
			files = (
				6592208D2A6C75A200D8AEEC /* Preview Assets.xcassets in Resources */,
				659220892A6C75A200D8AEEC /* Assets.xcassets in Resources */,
				655230DE2A824FA2004D5815 /* Satoshi-Variable.ttf in Resources */,
			);
			runOnlyForDeploymentPostprocessing = 0;
		};
		659220902A6C75A200D8AEEC /* Resources */ = {
			isa = PBXResourcesBuildPhase;
			buildActionMask = 2147483647;
			files = (
				655230E02A825972004D5815 /* Satoshi-Variable.ttf in Resources */,
			);
			runOnlyForDeploymentPostprocessing = 0;
		};
		6592209A2A6C75A200D8AEEC /* Resources */ = {
			isa = PBXResourcesBuildPhase;
			buildActionMask = 2147483647;
			files = (
				655230E12A825973004D5815 /* Satoshi-Variable.ttf in Resources */,
			);
			runOnlyForDeploymentPostprocessing = 0;
		};
/* End PBXResourcesBuildPhase section */

/* Begin PBXSourcesBuildPhase section */
		6592207D2A6C759E00D8AEEC /* Sources */ = {
			isa = PBXSourcesBuildPhase;
			buildActionMask = 2147483647;
			files = (
				65D6BED02A6C971D0027EAB4 /* RecordItem.swift in Sources */,
				6507ACE72A6EB0FA00BE0FF2 /* EnsGallery.swift in Sources */,
				0A31EC542AD2C657006457A8 /* ENSNameViewModel.swift in Sources */,
				6507ACDF2A6EA91700BE0FF2 /* formatters.swift in Sources */,
				65CBD49C2A74633900454FF7 /* APIManager.swift in Sources */,
				65D6BED42A6CBF010027EAB4 /* OnboardingView.swift in Sources */,
				6507ACE32A6EAA4200BE0FF2 /* TabView.swift in Sources */,
				65D6BECD2A6C85810027EAB4 /* DataView.swift in Sources */,
				0A31EC522AD2C610006457A8 /* ENSNameModel.swift in Sources */,
				6507ACE52A6EAD5200BE0FF2 /* NewNameView.swift in Sources */,
				659220852A6C759E00D8AEEC /* link3App.swift in Sources */,
			);
			runOnlyForDeploymentPostprocessing = 0;
		};
		6592208E2A6C75A200D8AEEC /* Sources */ = {
			isa = PBXSourcesBuildPhase;
			buildActionMask = 2147483647;
			files = (
				659220972A6C75A200D8AEEC /* link3Tests.swift in Sources */,
			);
			runOnlyForDeploymentPostprocessing = 0;
		};
		659220982A6C75A200D8AEEC /* Sources */ = {
			isa = PBXSourcesBuildPhase;
			buildActionMask = 2147483647;
			files = (
				659220A32A6C75A200D8AEEC /* link3UITestsLaunchTests.swift in Sources */,
				659220A12A6C75A200D8AEEC /* link3UITests.swift in Sources */,
			);
			runOnlyForDeploymentPostprocessing = 0;
		};
/* End PBXSourcesBuildPhase section */

/* Begin PBXTargetDependency section */
		659220942A6C75A200D8AEEC /* PBXTargetDependency */ = {
			isa = PBXTargetDependency;
			target = 659220802A6C759E00D8AEEC /* link3 */;
			targetProxy = 659220932A6C75A200D8AEEC /* PBXContainerItemProxy */;
		};
		6592209E2A6C75A200D8AEEC /* PBXTargetDependency */ = {
			isa = PBXTargetDependency;
			target = 659220802A6C759E00D8AEEC /* link3 */;
			targetProxy = 6592209D2A6C75A200D8AEEC /* PBXContainerItemProxy */;
		};
/* End PBXTargetDependency section */

/* Begin XCBuildConfiguration section */
		659220A42A6C75A200D8AEEC /* Debug */ = {
			isa = XCBuildConfiguration;
			buildSettings = {
				ALWAYS_SEARCH_USER_PATHS = NO;
				ASSETCATALOG_COMPILER_GENERATE_SWIFT_ASSET_SYMBOL_EXTENSIONS = YES;
				CLANG_ANALYZER_NONNULL = YES;
				CLANG_ANALYZER_NUMBER_OBJECT_CONVERSION = YES_AGGRESSIVE;
				CLANG_CXX_LANGUAGE_STANDARD = "gnu++20";
				CLANG_ENABLE_MODULES = YES;
				CLANG_ENABLE_OBJC_ARC = YES;
				CLANG_ENABLE_OBJC_WEAK = YES;
				CLANG_WARN_BLOCK_CAPTURE_AUTORELEASING = YES;
				CLANG_WARN_BOOL_CONVERSION = YES;
				CLANG_WARN_COMMA = YES;
				CLANG_WARN_CONSTANT_CONVERSION = YES;
				CLANG_WARN_DEPRECATED_OBJC_IMPLEMENTATIONS = YES;
				CLANG_WARN_DIRECT_OBJC_ISA_USAGE = YES_ERROR;
				CLANG_WARN_DOCUMENTATION_COMMENTS = YES;
				CLANG_WARN_EMPTY_BODY = YES;
				CLANG_WARN_ENUM_CONVERSION = YES;
				CLANG_WARN_INFINITE_RECURSION = YES;
				CLANG_WARN_INT_CONVERSION = YES;
				CLANG_WARN_NON_LITERAL_NULL_CONVERSION = YES;
				CLANG_WARN_OBJC_IMPLICIT_RETAIN_SELF = YES;
				CLANG_WARN_OBJC_LITERAL_CONVERSION = YES;
				CLANG_WARN_OBJC_ROOT_CLASS = YES_ERROR;
				CLANG_WARN_QUOTED_INCLUDE_IN_FRAMEWORK_HEADER = YES;
				CLANG_WARN_RANGE_LOOP_ANALYSIS = YES;
				CLANG_WARN_STRICT_PROTOTYPES = YES;
				CLANG_WARN_SUSPICIOUS_MOVE = YES;
				CLANG_WARN_UNGUARDED_AVAILABILITY = YES_AGGRESSIVE;
				CLANG_WARN_UNREACHABLE_CODE = YES;
				CLANG_WARN__DUPLICATE_METHOD_MATCH = YES;
				COPY_PHASE_STRIP = NO;
				DEBUG_INFORMATION_FORMAT = dwarf;
				ENABLE_STRICT_OBJC_MSGSEND = YES;
				ENABLE_TESTABILITY = YES;
				ENABLE_USER_SCRIPT_SANDBOXING = YES;
				GCC_C_LANGUAGE_STANDARD = gnu17;
				GCC_DYNAMIC_NO_PIC = NO;
				GCC_NO_COMMON_BLOCKS = YES;
				GCC_OPTIMIZATION_LEVEL = 0;
				GCC_PREPROCESSOR_DEFINITIONS = (
					"DEBUG=1",
					"$(inherited)",
				);
				GCC_WARN_64_TO_32_BIT_CONVERSION = YES;
				GCC_WARN_ABOUT_RETURN_TYPE = YES_ERROR;
				GCC_WARN_UNDECLARED_SELECTOR = YES;
				GCC_WARN_UNINITIALIZED_AUTOS = YES_AGGRESSIVE;
				GCC_WARN_UNUSED_FUNCTION = YES;
				GCC_WARN_UNUSED_VARIABLE = YES;
				LOCALIZATION_PREFERS_STRING_CATALOGS = YES;
				MTL_ENABLE_DEBUG_INFO = INCLUDE_SOURCE;
				MTL_FAST_MATH = YES;
				ONLY_ACTIVE_ARCH = YES;
				SWIFT_ACTIVE_COMPILATION_CONDITIONS = "DEBUG $(inherited)";
				SWIFT_OPTIMIZATION_LEVEL = "-Onone";
			};
			name = Debug;
		};
		659220A52A6C75A200D8AEEC /* Release */ = {
			isa = XCBuildConfiguration;
			buildSettings = {
				ALWAYS_SEARCH_USER_PATHS = NO;
				ASSETCATALOG_COMPILER_GENERATE_SWIFT_ASSET_SYMBOL_EXTENSIONS = YES;
				CLANG_ANALYZER_NONNULL = YES;
				CLANG_ANALYZER_NUMBER_OBJECT_CONVERSION = YES_AGGRESSIVE;
				CLANG_CXX_LANGUAGE_STANDARD = "gnu++20";
				CLANG_ENABLE_MODULES = YES;
				CLANG_ENABLE_OBJC_ARC = YES;
				CLANG_ENABLE_OBJC_WEAK = YES;
				CLANG_WARN_BLOCK_CAPTURE_AUTORELEASING = YES;
				CLANG_WARN_BOOL_CONVERSION = YES;
				CLANG_WARN_COMMA = YES;
				CLANG_WARN_CONSTANT_CONVERSION = YES;
				CLANG_WARN_DEPRECATED_OBJC_IMPLEMENTATIONS = YES;
				CLANG_WARN_DIRECT_OBJC_ISA_USAGE = YES_ERROR;
				CLANG_WARN_DOCUMENTATION_COMMENTS = YES;
				CLANG_WARN_EMPTY_BODY = YES;
				CLANG_WARN_ENUM_CONVERSION = YES;
				CLANG_WARN_INFINITE_RECURSION = YES;
				CLANG_WARN_INT_CONVERSION = YES;
				CLANG_WARN_NON_LITERAL_NULL_CONVERSION = YES;
				CLANG_WARN_OBJC_IMPLICIT_RETAIN_SELF = YES;
				CLANG_WARN_OBJC_LITERAL_CONVERSION = YES;
				CLANG_WARN_OBJC_ROOT_CLASS = YES_ERROR;
				CLANG_WARN_QUOTED_INCLUDE_IN_FRAMEWORK_HEADER = YES;
				CLANG_WARN_RANGE_LOOP_ANALYSIS = YES;
				CLANG_WARN_STRICT_PROTOTYPES = YES;
				CLANG_WARN_SUSPICIOUS_MOVE = YES;
				CLANG_WARN_UNGUARDED_AVAILABILITY = YES_AGGRESSIVE;
				CLANG_WARN_UNREACHABLE_CODE = YES;
				CLANG_WARN__DUPLICATE_METHOD_MATCH = YES;
				COPY_PHASE_STRIP = NO;
				DEBUG_INFORMATION_FORMAT = "dwarf-with-dsym";
				ENABLE_NS_ASSERTIONS = NO;
				ENABLE_STRICT_OBJC_MSGSEND = YES;
				ENABLE_USER_SCRIPT_SANDBOXING = YES;
				GCC_C_LANGUAGE_STANDARD = gnu17;
				GCC_NO_COMMON_BLOCKS = YES;
				GCC_WARN_64_TO_32_BIT_CONVERSION = YES;
				GCC_WARN_ABOUT_RETURN_TYPE = YES_ERROR;
				GCC_WARN_UNDECLARED_SELECTOR = YES;
				GCC_WARN_UNINITIALIZED_AUTOS = YES_AGGRESSIVE;
				GCC_WARN_UNUSED_FUNCTION = YES;
				GCC_WARN_UNUSED_VARIABLE = YES;
				LOCALIZATION_PREFERS_STRING_CATALOGS = YES;
				MTL_ENABLE_DEBUG_INFO = NO;
				MTL_FAST_MATH = YES;
				SWIFT_COMPILATION_MODE = wholemodule;
			};
			name = Release;
		};
		659220A72A6C75A200D8AEEC /* Debug */ = {
			isa = XCBuildConfiguration;
			buildSettings = {
				ASSETCATALOG_COMPILER_APPICON_NAME = AppIcon;
				ASSETCATALOG_COMPILER_GLOBAL_ACCENT_COLOR_NAME = AccentColor;
				CODE_SIGN_ENTITLEMENTS = link3/link3.entitlements;
				"CODE_SIGN_IDENTITY[sdk=macosx*]" = "Apple Development";
				CODE_SIGN_STYLE = Automatic;
				CURRENT_PROJECT_VERSION = 1;
				DEVELOPMENT_ASSET_PATHS = "\"link3/Preview Content\"";
				DEVELOPMENT_TEAM = 35RJMR6U62;
				ENABLE_PREVIEWS = YES;
				GENERATE_INFOPLIST_FILE = YES;
				INFOPLIST_FILE = link3/Info.plist;
				"INFOPLIST_KEY_UIApplicationSceneManifest_Generation[sdk=iphoneos*]" = YES;
				"INFOPLIST_KEY_UIApplicationSceneManifest_Generation[sdk=iphonesimulator*]" = YES;
				"INFOPLIST_KEY_UIApplicationSupportsIndirectInputEvents[sdk=iphoneos*]" = YES;
				"INFOPLIST_KEY_UIApplicationSupportsIndirectInputEvents[sdk=iphonesimulator*]" = YES;
				"INFOPLIST_KEY_UILaunchScreen_Generation[sdk=iphoneos*]" = YES;
				"INFOPLIST_KEY_UILaunchScreen_Generation[sdk=iphonesimulator*]" = YES;
				"INFOPLIST_KEY_UIStatusBarStyle[sdk=iphoneos*]" = UIStatusBarStyleDefault;
				"INFOPLIST_KEY_UIStatusBarStyle[sdk=iphonesimulator*]" = UIStatusBarStyleDefault;
				INFOPLIST_KEY_UISupportedInterfaceOrientations_iPad = "UIInterfaceOrientationPortrait UIInterfaceOrientationPortraitUpsideDown UIInterfaceOrientationLandscapeLeft UIInterfaceOrientationLandscapeRight";
				INFOPLIST_KEY_UISupportedInterfaceOrientations_iPhone = "UIInterfaceOrientationPortrait UIInterfaceOrientationLandscapeLeft UIInterfaceOrientationLandscapeRight";
				IPHONEOS_DEPLOYMENT_TARGET = 17.0;
				LD_RUNPATH_SEARCH_PATHS = "@executable_path/Frameworks";
				"LD_RUNPATH_SEARCH_PATHS[sdk=macosx*]" = "@executable_path/../Frameworks";
				MACOSX_DEPLOYMENT_TARGET = 14.0;
				MARKETING_VERSION = 1.0;
				PRODUCT_BUNDLE_IDENTIFIER = AnaArsonist.link3;
				PRODUCT_NAME = "$(TARGET_NAME)";
				SDKROOT = auto;
				SUPPORTED_PLATFORMS = "iphoneos iphonesimulator macosx";
				SWIFT_EMIT_LOC_STRINGS = YES;
				SWIFT_VERSION = 5.0;
				TARGETED_DEVICE_FAMILY = "1,2";
			};
			name = Debug;
		};
		659220A82A6C75A200D8AEEC /* Release */ = {
			isa = XCBuildConfiguration;
			buildSettings = {
				ASSETCATALOG_COMPILER_APPICON_NAME = AppIcon;
				ASSETCATALOG_COMPILER_GLOBAL_ACCENT_COLOR_NAME = AccentColor;
				CODE_SIGN_ENTITLEMENTS = link3/link3.entitlements;
				"CODE_SIGN_IDENTITY[sdk=macosx*]" = "Apple Development";
				CODE_SIGN_STYLE = Automatic;
				CURRENT_PROJECT_VERSION = 1;
				DEVELOPMENT_ASSET_PATHS = "\"link3/Preview Content\"";
				DEVELOPMENT_TEAM = 35RJMR6U62;
				ENABLE_PREVIEWS = YES;
				GENERATE_INFOPLIST_FILE = YES;
				INFOPLIST_FILE = link3/Info.plist;
				"INFOPLIST_KEY_UIApplicationSceneManifest_Generation[sdk=iphoneos*]" = YES;
				"INFOPLIST_KEY_UIApplicationSceneManifest_Generation[sdk=iphonesimulator*]" = YES;
				"INFOPLIST_KEY_UIApplicationSupportsIndirectInputEvents[sdk=iphoneos*]" = YES;
				"INFOPLIST_KEY_UIApplicationSupportsIndirectInputEvents[sdk=iphonesimulator*]" = YES;
				"INFOPLIST_KEY_UILaunchScreen_Generation[sdk=iphoneos*]" = YES;
				"INFOPLIST_KEY_UILaunchScreen_Generation[sdk=iphonesimulator*]" = YES;
				"INFOPLIST_KEY_UIStatusBarStyle[sdk=iphoneos*]" = UIStatusBarStyleDefault;
				"INFOPLIST_KEY_UIStatusBarStyle[sdk=iphonesimulator*]" = UIStatusBarStyleDefault;
				INFOPLIST_KEY_UISupportedInterfaceOrientations_iPad = "UIInterfaceOrientationPortrait UIInterfaceOrientationPortraitUpsideDown UIInterfaceOrientationLandscapeLeft UIInterfaceOrientationLandscapeRight";
				INFOPLIST_KEY_UISupportedInterfaceOrientations_iPhone = "UIInterfaceOrientationPortrait UIInterfaceOrientationLandscapeLeft UIInterfaceOrientationLandscapeRight";
				IPHONEOS_DEPLOYMENT_TARGET = 17.0;
				LD_RUNPATH_SEARCH_PATHS = "@executable_path/Frameworks";
				"LD_RUNPATH_SEARCH_PATHS[sdk=macosx*]" = "@executable_path/../Frameworks";
				MACOSX_DEPLOYMENT_TARGET = 14.0;
				MARKETING_VERSION = 1.0;
				PRODUCT_BUNDLE_IDENTIFIER = AnaArsonist.link3;
				PRODUCT_NAME = "$(TARGET_NAME)";
				SDKROOT = auto;
				SUPPORTED_PLATFORMS = "iphoneos iphonesimulator macosx";
				SWIFT_EMIT_LOC_STRINGS = YES;
				SWIFT_VERSION = 5.0;
				TARGETED_DEVICE_FAMILY = "1,2";
			};
			name = Release;
		};
		659220AA2A6C75A200D8AEEC /* Debug */ = {
			isa = XCBuildConfiguration;
			buildSettings = {
				ALWAYS_EMBED_SWIFT_STANDARD_LIBRARIES = YES;
				BUNDLE_LOADER = "$(TEST_HOST)";
				CODE_SIGN_STYLE = Automatic;
				CURRENT_PROJECT_VERSION = 1;
				GENERATE_INFOPLIST_FILE = YES;
				IPHONEOS_DEPLOYMENT_TARGET = 17.0;
				MACOSX_DEPLOYMENT_TARGET = 14.0;
				MARKETING_VERSION = 1.0;
				PRODUCT_BUNDLE_IDENTIFIER = AnaArsonist.link3Tests;
				PRODUCT_NAME = "$(TARGET_NAME)";
				SDKROOT = auto;
				SUPPORTED_PLATFORMS = "iphoneos iphonesimulator macosx";
				SWIFT_EMIT_LOC_STRINGS = NO;
				SWIFT_VERSION = 5.0;
				TARGETED_DEVICE_FAMILY = "1,2";
				TEST_HOST = "$(BUILT_PRODUCTS_DIR)/link3.app/$(BUNDLE_EXECUTABLE_FOLDER_PATH)/link3";
			};
			name = Debug;
		};
		659220AB2A6C75A200D8AEEC /* Release */ = {
			isa = XCBuildConfiguration;
			buildSettings = {
				ALWAYS_EMBED_SWIFT_STANDARD_LIBRARIES = YES;
				BUNDLE_LOADER = "$(TEST_HOST)";
				CODE_SIGN_STYLE = Automatic;
				CURRENT_PROJECT_VERSION = 1;
				GENERATE_INFOPLIST_FILE = YES;
				IPHONEOS_DEPLOYMENT_TARGET = 17.0;
				MACOSX_DEPLOYMENT_TARGET = 14.0;
				MARKETING_VERSION = 1.0;
				PRODUCT_BUNDLE_IDENTIFIER = AnaArsonist.link3Tests;
				PRODUCT_NAME = "$(TARGET_NAME)";
				SDKROOT = auto;
				SUPPORTED_PLATFORMS = "iphoneos iphonesimulator macosx";
				SWIFT_EMIT_LOC_STRINGS = NO;
				SWIFT_VERSION = 5.0;
				TARGETED_DEVICE_FAMILY = "1,2";
				TEST_HOST = "$(BUILT_PRODUCTS_DIR)/link3.app/$(BUNDLE_EXECUTABLE_FOLDER_PATH)/link3";
			};
			name = Release;
		};
		659220AD2A6C75A200D8AEEC /* Debug */ = {
			isa = XCBuildConfiguration;
			buildSettings = {
				ALWAYS_EMBED_SWIFT_STANDARD_LIBRARIES = YES;
				CODE_SIGN_STYLE = Automatic;
				CURRENT_PROJECT_VERSION = 1;
				GENERATE_INFOPLIST_FILE = YES;
				IPHONEOS_DEPLOYMENT_TARGET = 17.0;
				MACOSX_DEPLOYMENT_TARGET = 14.0;
				MARKETING_VERSION = 1.0;
				PRODUCT_BUNDLE_IDENTIFIER = AnaArsonist.link3UITests;
				PRODUCT_NAME = "$(TARGET_NAME)";
				SDKROOT = auto;
				SUPPORTED_PLATFORMS = "iphoneos iphonesimulator macosx";
				SWIFT_EMIT_LOC_STRINGS = NO;
				SWIFT_VERSION = 5.0;
				TARGETED_DEVICE_FAMILY = "1,2";
				TEST_TARGET_NAME = link3;
			};
			name = Debug;
		};
		659220AE2A6C75A200D8AEEC /* Release */ = {
			isa = XCBuildConfiguration;
			buildSettings = {
				ALWAYS_EMBED_SWIFT_STANDARD_LIBRARIES = YES;
				CODE_SIGN_STYLE = Automatic;
				CURRENT_PROJECT_VERSION = 1;
				GENERATE_INFOPLIST_FILE = YES;
				IPHONEOS_DEPLOYMENT_TARGET = 17.0;
				MACOSX_DEPLOYMENT_TARGET = 14.0;
				MARKETING_VERSION = 1.0;
				PRODUCT_BUNDLE_IDENTIFIER = AnaArsonist.link3UITests;
				PRODUCT_NAME = "$(TARGET_NAME)";
				SDKROOT = auto;
				SUPPORTED_PLATFORMS = "iphoneos iphonesimulator macosx";
				SWIFT_EMIT_LOC_STRINGS = NO;
				SWIFT_VERSION = 5.0;
				TARGETED_DEVICE_FAMILY = "1,2";
				TEST_TARGET_NAME = link3;
			};
			name = Release;
		};
/* End XCBuildConfiguration section */

/* Begin XCConfigurationList section */
		6592207C2A6C759E00D8AEEC /* Build configuration list for PBXProject "link3" */ = {
			isa = XCConfigurationList;
			buildConfigurations = (
				659220A42A6C75A200D8AEEC /* Debug */,
				659220A52A6C75A200D8AEEC /* Release */,
			);
			defaultConfigurationIsVisible = 0;
			defaultConfigurationName = Release;
		};
		659220A62A6C75A200D8AEEC /* Build configuration list for PBXNativeTarget "link3" */ = {
			isa = XCConfigurationList;
			buildConfigurations = (
				659220A72A6C75A200D8AEEC /* Debug */,
				659220A82A6C75A200D8AEEC /* Release */,
			);
			defaultConfigurationIsVisible = 0;
			defaultConfigurationName = Release;
		};
		659220A92A6C75A200D8AEEC /* Build configuration list for PBXNativeTarget "link3Tests" */ = {
			isa = XCConfigurationList;
			buildConfigurations = (
				659220AA2A6C75A200D8AEEC /* Debug */,
				659220AB2A6C75A200D8AEEC /* Release */,
			);
			defaultConfigurationIsVisible = 0;
			defaultConfigurationName = Release;
		};
		659220AC2A6C75A200D8AEEC /* Build configuration list for PBXNativeTarget "link3UITests" */ = {
			isa = XCConfigurationList;
			buildConfigurations = (
				659220AD2A6C75A200D8AEEC /* Debug */,
				659220AE2A6C75A200D8AEEC /* Release */,
			);
			defaultConfigurationIsVisible = 0;
			defaultConfigurationName = Release;
		};
/* End XCConfigurationList section */

/* Begin XCRemoteSwiftPackageReference section */
		65BAD7272A74540100B0F14A /* XCRemoteSwiftPackageReference "WalletConnectSwiftV2" */ = {
			isa = XCRemoteSwiftPackageReference;
			repositoryURL = "https://github.com/WalletConnect/WalletConnectSwiftV2";
			requirement = {
				kind = upToNextMajorVersion;
				minimumVersion = 1.6.14;
			};
		};
/* End XCRemoteSwiftPackageReference section */
	};
	rootObject = 659220792A6C759E00D8AEEC /* Project object */;
}
